
Microsoft Visual Studio Solution File, Format Version 12.00
# Visual Studio Version 16
VisualStudioVersion = 16.0.810.22
MinimumVisualStudioVersion = 10.0.40219.1
Project("{FAE04EC0-301F-11D3-BF4B-00C04F79EFBC}") = "s3Uploader", "s3Uploader\s3Uploader.csproj", "{D8023DE1-F9EE-464C-9A47-A70400F5E6DA}"
EndProject
Global
	GlobalSection(SolutionConfigurationPlatforms) = preSolution
		Debug|Any CPU = Debug|Any CPU
		Release|Any CPU = Release|Any CPU
	EndGlobalSection
	GlobalSection(ProjectConfigurationPlatforms) = postSolution
		{D8023DE1-F9EE-464C-9A47-A70400F5E6DA}.Debug|Any CPU.ActiveCfg = Debug|Any CPU
		{D8023DE1-F9EE-464C-9A47-A70400F5E6DA}.Debug|Any CPU.Build.0 = Debug|Any CPU
		{D8023DE1-F9EE-464C-9A47-A70400F5E6DA}.Release|Any CPU.ActiveCfg = Release|Any CPU
		{D8023DE1-F9EE-464C-9A47-A70400F5E6DA}.Release|Any CPU.Build.0 = Release|Any CPU
	EndGlobalSection
	GlobalSection(SolutionProperties) = preSolution
		HideSolutionNode = FALSE
	EndGlobalSection
	GlobalSection(ExtensibilityGlobals) = postSolution
		SolutionGuid = {5D0AF121-1D4E-40FF-8CD7-B58DEA682FC4}
	EndGlobalSection
EndGlobal
